
Microsoft Visual Studio Solution File, Format Version 12.00
# Visual Studio Version 17
VisualStudioVersion = 17.2.32516.85
MinimumVisualStudioVersion = 10.0.40219.1
Project("{FAE04EC0-301F-11D3-BF4B-00C04F79EFBC}") = "Githubappp2.0", "Githubappp2.0.csproj", "{02EEE620-70AF-4CC0-997C-F313920C873C}"
EndProject
Global
	GlobalSection(SolutionConfigurationPlatforms) = preSolution
		Debug|Any CPU = Debug|Any CPU
		Release|Any CPU = Release|Any CPU
	EndGlobalSection
	GlobalSection(ProjectConfigurationPlatforms) = postSolution
		{02EEE620-70AF-4CC0-997C-F313920C873C}.Debug|Any CPU.ActiveCfg = Debug|Any CPU
		{02EEE620-70AF-4CC0-997C-F313920C873C}.Debug|Any CPU.Build.0 = Debug|Any CPU
		{02EEE620-70AF-4CC0-997C-F313920C873C}.Release|Any CPU.ActiveCfg = Release|Any CPU
		{02EEE620-70AF-4CC0-997C-F313920C873C}.Release|Any CPU.Build.0 = Release|Any CPU
	EndGlobalSection
	GlobalSection(SolutionProperties) = preSolution
		HideSolutionNode = FALSE
	EndGlobalSection
	GlobalSection(ExtensibilityGlobals) = postSolution
		SolutionGuid = {9C464A54-8FE8-46B7-BBC0-D5E42B1482EE}
	EndGlobalSection
EndGlobal
